
Microsoft Visual Studio Solution File, Format Version 12.00
# Visual Studio Version 16
VisualStudioVersion = 16.0.30011.22
MinimumVisualStudioVersion = 10.0.40219.1
Project("{2150E333-8FDC-42A3-9474-1A3956D46DE8}") = "src", "src", "{67D00776-53E4-4519-995F-27E9740AFDE1}"
EndProject
Project("{9A19103F-16F7-4668-BE54-9A1E7A4F7556}") = "Danps.Data", "src\Danps.Data\Danps.Data.csproj", "{8E193639-0168-41A4-BBC4-D7F9FB404031}"
EndProject
Project("{9A19103F-16F7-4668-BE54-9A1E7A4F7556}") = "Danps.Business", "src\Danps.Business\Danps.Business.csproj", "{8107FD5E-FCDC-472A-8F73-BD53F995DF78}"
EndProject
Global
	GlobalSection(SolutionConfigurationPlatforms) = preSolution
		Debug|Any CPU = Debug|Any CPU
		Release|Any CPU = Release|Any CPU
	EndGlobalSection
	GlobalSection(ProjectConfigurationPlatforms) = postSolution
		{8E193639-0168-41A4-BBC4-D7F9FB404031}.Debug|Any CPU.ActiveCfg = Debug|Any CPU
		{8E193639-0168-41A4-BBC4-D7F9FB404031}.Debug|Any CPU.Build.0 = Debug|Any CPU
		{8E193639-0168-41A4-BBC4-D7F9FB404031}.Release|Any CPU.ActiveCfg = Release|Any CPU
		{8E193639-0168-41A4-BBC4-D7F9FB404031}.Release|Any CPU.Build.0 = Release|Any CPU
		{8107FD5E-FCDC-472A-8F73-BD53F995DF78}.Debug|Any CPU.ActiveCfg = Debug|Any CPU
		{8107FD5E-FCDC-472A-8F73-BD53F995DF78}.Debug|Any CPU.Build.0 = Debug|Any CPU
		{8107FD5E-FCDC-472A-8F73-BD53F995DF78}.Release|Any CPU.ActiveCfg = Release|Any CPU
		{8107FD5E-FCDC-472A-8F73-BD53F995DF78}.Release|Any CPU.Build.0 = Release|Any CPU
	EndGlobalSection
	GlobalSection(SolutionProperties) = preSolution
		HideSolutionNode = FALSE
	EndGlobalSection
	GlobalSection(NestedProjects) = preSolution
		{8E193639-0168-41A4-BBC4-D7F9FB404031} = {67D00776-53E4-4519-995F-27E9740AFDE1}
		{8107FD5E-FCDC-472A-8F73-BD53F995DF78} = {67D00776-53E4-4519-995F-27E9740AFDE1}
	EndGlobalSection
	GlobalSection(ExtensibilityGlobals) = postSolution
		SolutionGuid = {CBC7D3CB-1FAC-4D48-9C13-9003205954FA}
	EndGlobalSection
EndGlobal
